{
  "nodes": {
    "nixpkgs": {
      "locked": {
        "lastModified": 1732758367,
        "narHash": "sha256-RzaI1RO0UXqLjydtz3GAXSTzHkpb/lLD1JD8a0W4Wpo=",
        "rev": "fa42b5a5f401aab8a32bd33c9a4de0738180dc59",
        "revCount": 713604,
        "type": "tarball",
        "url": "https://api.flakehub.com/f/pinned/NixOS/nixpkgs/0.1.713604%2Brev-fa42b5a5f401aab8a32bd33c9a4de0738180dc59/01937bfb-6985-7a1b-8d80-050b5ca45a83/source.tar.gz"
      },
      "original": {
        "type": "tarball",
        "url": "https://flakehub.com/f/NixOS/nixpkgs/0.1.%2A.tar.gz"
      }
    },
    "root": {
      "inputs": {
        "nixpkgs": "nixpkgs",
        "rust-overlay": "rust-overlay"
      }
    },
    "rust-overlay": {
      "inputs": {
        "nixpkgs": [
          "nixpkgs"
        ]
      },
      "locked": {
        "lastModified": 1732933841,
        "narHash": "sha256-dge02pUSe2QeC/B3PriA0R8eAX+EU3aDoXj9FcS3XDw=",
        "owner": "oxalica",
        "repo": "rust-overlay",
        "rev": "c65e91d4a33abc3bc4a892d3c5b5b378bad64ea1",
        "type": "github"
      },
      "original": {
        "owner": "oxalica",
        "repo": "rust-overlay",
        "type": "github"
      }
    }
  },
  "root": "root",
  "version": 7
}
